
Microsoft Visual Studio Solution File, Format Version 12.00
# Visual Studio Version 17
VisualStudioVersion = 17.0.31903.59
MinimumVisualStudioVersion = 10.0.40219.1
Project("{FAE04EC0-301F-11D3-BF4B-00C04F79EFBC}") = "BuzzZikApi.Api", "BuzzZikApi.Api\BuzzZikApi.Api.csproj", "{13C336E8-3E61-4B12-BF0B-832F73E7A1BB}"
EndProject
Project("{FAE04EC0-301F-11D3-BF4B-00C04F79EFBC}") = "BuzzZikApi.Core", "BuzzZikApi.Core\BuzzZikApi.Core.csproj", "{37F2935C-CEA2-4279-8C56-E9EBA9825981}"
EndProject
Global
	GlobalSection(SolutionConfigurationPlatforms) = preSolution
		Debug|Any CPU = Debug|Any CPU
		Release|Any CPU = Release|Any CPU
	EndGlobalSection
	GlobalSection(SolutionProperties) = preSolution
		HideSolutionNode = FALSE
	EndGlobalSection
	GlobalSection(ProjectConfigurationPlatforms) = postSolution
		{13C336E8-3E61-4B12-BF0B-832F73E7A1BB}.Debug|Any CPU.ActiveCfg = Debug|Any CPU
		{13C336E8-3E61-4B12-BF0B-832F73E7A1BB}.Debug|Any CPU.Build.0 = Debug|Any CPU
		{13C336E8-3E61-4B12-BF0B-832F73E7A1BB}.Release|Any CPU.ActiveCfg = Release|Any CPU
		{13C336E8-3E61-4B12-BF0B-832F73E7A1BB}.Release|Any CPU.Build.0 = Release|Any CPU
		{37F2935C-CEA2-4279-8C56-E9EBA9825981}.Debug|Any CPU.ActiveCfg = Debug|Any CPU
		{37F2935C-CEA2-4279-8C56-E9EBA9825981}.Debug|Any CPU.Build.0 = Debug|Any CPU
		{37F2935C-CEA2-4279-8C56-E9EBA9825981}.Release|Any CPU.ActiveCfg = Release|Any CPU
		{37F2935C-CEA2-4279-8C56-E9EBA9825981}.Release|Any CPU.Build.0 = Release|Any CPU
	EndGlobalSection
EndGlobal
